PODS:
  - Capacitor (6.2.0):
    - CapacitorCordova
  - CapacitorApp (6.0.2):
    - Capacitor
  - CapacitorCordova (6.2.0)
  - CapacitorHaptics (6.0.2):
    - Capacitor
  - CapacitorKeyboard (6.0.3):
    - Capacitor
  - CapacitorStatusBar (6.0.2):
    - Capacitor
  - CblIonic (1.0.0):
    - Capacitor
    - CouchbaseLite-Swift-Enterprise (= 3.2.2)
  - CouchbaseLite-Swift-Enterprise (3.2.2)

DEPENDENCIES:
  - "Capacitor (from `../../node_modules/@capacitor/ios`)"
  - "CapacitorApp (from `../../node_modules/@capacitor/app`)"
  - "CapacitorCordova (from `../../node_modules/@capacitor/ios`)"
  - "CapacitorHaptics (from `../../node_modules/@capacitor/haptics`)"
  - "CapacitorKeyboard (from `../../node_modules/@capacitor/keyboard`)"
  - "CapacitorStatusBar (from `../../node_modules/@capacitor/status-bar`)"
  - CblIonic (from `../../node_modules/cbl-ionic`)

SPEC REPOS:
  trunk:
    - CouchbaseLite-Swift-Enterprise

EXTERNAL SOURCES:
  Capacitor:
    :path: "../../node_modules/@capacitor/ios"
  CapacitorApp:
    :path: "../../node_modules/@capacitor/app"
  CapacitorCordova:
    :path: "../../node_modules/@capacitor/ios"
  CapacitorHaptics:
    :path: "../../node_modules/@capacitor/haptics"
  CapacitorKeyboard:
    :path: "../../node_modules/@capacitor/keyboard"
  CapacitorStatusBar:
    :path: "../../node_modules/@capacitor/status-bar"
  CblIonic:
    :path: "../../node_modules/cbl-ionic"

SPEC CHECKSUMS:
  Capacitor: 05d35014f4425b0740fc8776481f6a369ad071bf
  CapacitorApp: e1e6b7d05e444d593ca16fd6d76f2b7c48b5aea7
  CapacitorCordova: b33e7f4aa4ed105dd43283acdd940964374a87d9
  CapacitorHaptics: 4fc15afe22b123d093e6ace24d95e8e3b1f261b9
  CapacitorKeyboard: e89189ad398b815b6ff7e52271f0fb4f911a0a0a
  CapacitorStatusBar: b16799a26320ffa52f6c8b01737d5a95bbb8f3eb
  CblIonic: 119d6e5f75643d9bf37007cd8c929c3198ea527c
  CouchbaseLite-Swift-Enterprise: cdea68f57851ab632f3df28d9a36296accd15043

PODFILE CHECKSUM: e8048e272b811ac3e45b3bbf76581b41d861444d

COCOAPODS: 1.16.2
